
Microsoft Visual Studio Solution File, Format Version 12.00
Project("{FAE04EC0-301F-11D3-BF4B-00C04F79EFBC}") = "KhRanks40k", "KhRanks40k\KhRanks40k.csproj", "{5D1543A6-06ED-4C18-8990-9E8C2666080A}"
EndProject
Global
	GlobalSection(SolutionConfigurationPlatforms) = preSolution
		Debug|Any CPU = Debug|Any CPU
		Release|Any CPU = Release|Any CPU
	EndGlobalSection
	GlobalSection(ProjectConfigurationPlatforms) = postSolution
		{5D1543A6-06ED-4C18-8990-9E8C2666080A}.Debug|Any CPU.ActiveCfg = Debug|Any CPU
		{5D1543A6-06ED-4C18-8990-9E8C2666080A}.Debug|Any CPU.Build.0 = Debug|Any CPU
		{5D1543A6-06ED-4C18-8990-9E8C2666080A}.Release|Any CPU.ActiveCfg = Release|Any CPU
		{5D1543A6-06ED-4C18-8990-9E8C2666080A}.Release|Any CPU.Build.0 = Release|Any CPU
	EndGlobalSection
EndGlobal
